{
  "name": "rec",
  "lockfileVersion": 3,
  "requires": true,
  "packages": {
    "": {
      "dependencies": {
        "tribunal-kit": "^4.5.1"
      }
    },
    "node_modules/tribunal-kit": {
      "version": "4.5.1",
      "resolved": "https://registry.npmjs.org/tribunal-kit/-/tribunal-kit-4.5.1.tgz",
      "integrity": "sha512-lQ1/sq09NC/qWF65nac+txaTp+jm5/UvYEEk5xmUljJ0xoAztLLBUd5xX5LPMZ40iIQnMImN+58b3N5fUC5SVA==",
      "license": "MIT",
      "bin": {
        "tk": "bin/wrapper.js",
        "tribunal-kit": "bin/wrapper.js"
      },
      "engines": {
        "node": ">=18.0.0"
      },
      "optionalDependencies": {
        "@tribunal-kit/core-darwin-arm64": "^4.5.1",
        "@tribunal-kit/core-darwin-x64": "^4.5.1",
        "@tribunal-kit/core-linux-arm64": "^4.5.1",
        "@tribunal-kit/core-linux-x64": "^4.5.1",
        "@tribunal-kit/core-win32-arm64": "^4.5.1",
        "@tribunal-kit/core-win32-x64": "^4.5.1"
      }
    },
    "node_modules/tribunal-kit/node_modules/@tribunal-kit/core-darwin-arm64": {
      "optional": true
    },
    "node_modules/tribunal-kit/node_modules/@tribunal-kit/core-darwin-x64": {
      "optional": true
    },
    "node_modules/tribunal-kit/node_modules/@tribunal-kit/core-linux-arm64": {
      "optional": true
    },
    "node_modules/tribunal-kit/node_modules/@tribunal-kit/core-linux-x64": {
      "optional": true
    },
    "node_modules/tribunal-kit/node_modules/@tribunal-kit/core-win32-arm64": {
      "optional": true
    },
    "node_modules/tribunal-kit/node_modules/@tribunal-kit/core-win32-x64": {
      "optional": true
    }
  }
}
